{
  "name": "js-data-structures",
  "version": "1.0.0",
  "lockfileVersion": 1,
  "requires": true,
  "dependencies": {
    "fnv1a": {
      "version": "1.0.1",
      "resolved": "https://registry.npmjs.org/fnv1a/-/fnv1a-1.0.1.tgz",
      "integrity": "sha1-kV4tbQI8Q9UiStn20qPEFW9XEvU="
    }
  }
}
